
Microsoft Visual Studio Solution File, Format Version 12.00
# Visual Studio 15
VisualStudioVersion = 15.0.28307.1401
MinimumVisualStudioVersion = 10.0.40219.1
Project("{FAE04EC0-301F-11D3-BF4B-00C04F79EFBC}") = "eventos", "frutasyverduras\eventos.csproj", "{A28D6CAC-C350-4FE0-8F23-7A987332F37A}"
EndProject
Global
	GlobalSection(SolutionConfigurationPlatforms) = preSolution
		Debug|Any CPU = Debug|Any CPU
		Release|Any CPU = Release|Any CPU
	EndGlobalSection
	GlobalSection(ProjectConfigurationPlatforms) = postSolution
		{A28D6CAC-C350-4FE0-8F23-7A987332F37A}.Debug|Any CPU.ActiveCfg = Debug|Any CPU
		{A28D6CAC-C350-4FE0-8F23-7A987332F37A}.Debug|Any CPU.Build.0 = Debug|Any CPU
		{A28D6CAC-C350-4FE0-8F23-7A987332F37A}.Release|Any CPU.ActiveCfg = Release|Any CPU
		{A28D6CAC-C350-4FE0-8F23-7A987332F37A}.Release|Any CPU.Build.0 = Release|Any CPU
	EndGlobalSection
	GlobalSection(SolutionProperties) = preSolution
		HideSolutionNode = FALSE
	EndGlobalSection
	GlobalSection(ExtensibilityGlobals) = postSolution
		SolutionGuid = {D04B39B8-12BD-4F90-A481-E82CAA9D38C2}
	EndGlobalSection
EndGlobal
